hash: 04b886b8b2551ffce98cdc0907afcfea5944861f9bad3659a959a22bac67ef6d
updated: 2018-02-28T02:19:39.373387093+08:00
imports:
- name: github.com/axgle/mahonia
  version: 3358181d7394e26beccfae0ffde05193ef3be33a
- name: github.com/Bowery/prompt
  version: 94b504f42fdd503acc3b3c79ec2b517d90e0de8a
- name: github.com/jinzhu/now
  version: d939ba741945c047cac69c329c5fb0d6b4a06520
- name: github.com/labstack/gommon
  version: 058e16e77bbd66cc101dfeae2971b88add6ce266
  subpackages:
  - color
- name: github.com/mattn/go-colorable
  version: 7dc3415be66d7cc68bf0182f35c8d31f8d2ad8a7
- name: github.com/mattn/go-isatty
  version: 6ca4dbf54d38eea1a992b3c722a76a5d1c4cb25c
- name: github.com/mkideal/cli
  version: 0bc4738ef26827a45d3b50394d84d283f733ad63
  subpackages:
  - ext
- name: github.com/mkideal/pkg
  version: 3e188c9e7ecc83d0fe7040a9161ce3c67885470d
  subpackages:
  - debug
  - expr
- name: github.com/pkg/errors
  version: 30136e27e2ac8d167177e8a583aa4c3fea5be833
- name: github.com/sinlov/golang_utils
  version: 120bbe177b040c2a1377db8515c93a49243d6fb9
  subpackages:
  - cli
  - files
  - jstring
- name: golang.org/x/sys
  version: f6cff0780e542efa0c8e864dc8fa522808f6a598
  subpackages:
  - unix
testImports:
- name: github.com/gopherjs/gopherjs
  version: 4e9f423448a0b0462d41b077c43bb9f2a5d103c6
  subpackages:
  - js
- name: github.com/jtolds/gls
  version: 77f18212c9c7edc9bd6a33d383a7b545ce62f064
- name: github.com/smartystreets/assertions
  version: 2cf4bd8bedd4957930fcf6e72237761f29f8d8ec
  subpackages:
  - internal/go-render/render
  - internal/oglematchers
- name: github.com/smartystreets/goconvey
  version: ef6db91d284a0e7badaa1f0c404c30aa7dee3aed
  subpackages:
  - convey
  - convey/gotest
  - convey/reporting
